{
  "name": "bs-decoders",
  "version": "0.2.0",
  "lockfileVersion": 1,
  "requires": true,
  "dependencies": {
    "bs-platform": {
      "version": "4.0.5",
      "resolved": "https://registry.npmjs.org/bs-platform/-/bs-platform-4.0.5.tgz",
      "integrity": "sha512-wK+yUx/5ojlrxgk/EB3Hla7+9NEnE8PxtGb71e4IsKnWPXrRAaVtdTuoWWClv8z77xntOFg8qTgYfYyh9xLMWA==",
      "dev": true
    }
  }
}
